Microsoft Visual Studio Solution File, Format Version 12.00
# Visual Studio Version 17
VisualStudioVersion = 17.5.2.0
MinimumVisualStudioVersion = 10.0.40219.1
Project("{FAE04EC0-301F-11D3-BF4B-00C04F79EFBC}") = "ReFactoring", "ReFactoring.csproj", "{58B4ED43-D0B5-44A3-CF4A-67DD41B5473B}"
EndProject
Global
	GlobalSection(SolutionConfigurationPlatforms) = preSolution
		Debug|Any CPU = Debug|Any CPU
		Release|Any CPU = Release|Any CPU
	EndGlobalSection
	GlobalSection(ProjectConfigurationPlatforms) = postSolution
		{58B4ED43-D0B5-44A3-CF4A-67DD41B5473B}.Debug|Any CPU.ActiveCfg = Debug|Any CPU
		{58B4ED43-D0B5-44A3-CF4A-67DD41B5473B}.Debug|Any CPU.Build.0 = Debug|Any CPU
		{58B4ED43-D0B5-44A3-CF4A-67DD41B5473B}.Release|Any CPU.ActiveCfg = Release|Any CPU
		{58B4ED43-D0B5-44A3-CF4A-67DD41B5473B}.Release|Any CPU.Build.0 = Release|Any CPU
	EndGlobalSection
	GlobalSection(SolutionProperties) = preSolution
		HideSolutionNode = FALSE
	EndGlobalSection
	GlobalSection(ExtensibilityGlobals) = postSolution
		SolutionGuid = {85484177-1E39-4279-A069-0C72FFD3642E}
	EndGlobalSection
EndGlobal
